<?xml version="1.0" encoding="utf-8"?>
<Project ToolsVersion="4.0" xmlns="http://schemas.microsoft.com/developer/msbuild/2003">
  <ItemGroup>
    <Filter Include="Файлы исходного кода">
      <UniqueIdentifier>{4FC737F1-C7A5-4376-A066-2A32D752A2FF}</UniqueIdentifier>
      <Extensions>cpp;c;cc;cxx;def;odl;idl;hpj;bat;asm;asmx</Extensions>
    </Filter>
    <Filter Include="Заголовочные файлы">
      <UniqueIdentifier>{93995380-89BD-4b04-88EB-625FBE52EBFB}</UniqueIdentifier>
      <Extensions>h;hh;hpp;hxx;hm;inl;inc;xsd</Extensions>
    </Filter>
    <Filter Include="Файлы ресурсов">
      <UniqueIdentifier>{67DA6AB6-F800-4c08-8B7A-83BB121AAD01}</UniqueIdentifier>
      <Extensions>rc;ico;cur;bmp;dlg;rc2;rct;bin;rgs;gif;jpg;jpeg;jpe;resx;tiff;tif;png;wav;mfcribbon-ms</Extensions>
    </Filter>
    <Filter Include="Заголовочные файлы\2D">
      <UniqueIdentifier>{c3b27854-3ab4-4177-9c96-eda0f366eb51}</UniqueIdentifier>
    </Filter>
    <Filter Include="Заголовочные файлы\3D">
      <UniqueIdentifier>{356de134-fb6b-4ac5-baea-3a7ce2ee6b1a}</UniqueIdentifier>
    </Filter>
    <Filter Include="Файлы исходного кода\2D">
      <UniqueIdentifier>{2c07d6f2-5356-491b-b322-d9ff871cddb7}</UniqueIdentifier>
    </Filter>
    <Filter Include="Файлы исходного кода\3D">
      <UniqueIdentifier>{e36e2955-3d80-4276-a274-fc27b58d43af}</UniqueIdentifier>
    </Filter>
  </ItemGroup>
  <ItemGroup>
    <ClInclude Include="2D\dcel.hpp">
      <Filter>Заголовочные файлы\2D</Filter>
    </ClInclude>
    <ClInclude Include="2D\circle.hpp">
      <Filter>Заголовочные файлы\2D</Filter>
    </ClInclude>
    <ClInclude Include="2D\convex2D.hpp">
      <Filter>Заголовочные файлы\2D</Filter>
    </ClInclude>
    <ClInclude Include="2D\ellipse.hpp">
      <Filter>Заголовочные файлы\2D</Filter>
    </ClInclude>
    <ClInclude Include="2D\event.hpp">
      <Filter>Заголовочные файлы\2D</Filter>
    </ClInclude>
    <ClInclude Include="2D\line2D.hpp">
      <Filter>Заголовочные файлы\2D</Filter>
    </ClInclude>
    <ClInclude Include="2D\point2D.hpp">
      <Filter>Заголовочные файлы\2D</Filter>
    </ClInclude>
    <ClInclude Include="2D\polygon.hpp">
      <Filter>Заголовочные файлы\2D</Filter>
    </ClInclude>
    <ClInclude Include="2D\ray2D.hpp">
      <Filter>Заголовочные файлы\2D</Filter>
    </ClInclude>
    <ClInclude Include="2D\rectangle.hpp">
      <Filter>Заголовочные файлы\2D</Filter>
    </ClInclude>
    <ClInclude Include="2D\segment2D.hpp">
      <Filter>Заголовочные файлы\2D</Filter>
    </ClInclude>
    <ClInclude Include="2D\shape2D.hpp">
      <Filter>Заголовочные файлы\2D</Filter>
    </ClInclude>
    <ClInclude Include="2D\splash_lines2D.hpp">
      <Filter>Заголовочные файлы\2D</Filter>
    </ClInclude>
    <ClInclude Include="2D\splash2D.hpp">
      <Filter>Заголовочные файлы\2D</Filter>
    </ClInclude>
    <ClInclude Include="2D\square.hpp">
      <Filter>Заголовочные файлы\2D</Filter>
    </ClInclude>
    <ClInclude Include="2D\triangle.hpp">
      <Filter>Заголовочные файлы\2D</Filter>
    </ClInclude>
    <ClInclude Include="2D\vector2D.hpp">
      <Filter>Заголовочные файлы\2D</Filter>
    </ClInclude>
    <ClInclude Include="2D\voronoi2D.hpp">
      <Filter>Заголовочные файлы\2D</Filter>
    </ClInclude>
    <ClInclude Include="3D\cube.hpp">
      <Filter>Заголовочные файлы\3D</Filter>
    </ClInclude>
    <ClInclude Include="3D\cylinder.hpp">
      <Filter>Заголовочные файлы\3D</Filter>
    </ClInclude>
    <ClInclude Include="3D\ellipsoid.hpp">
      <Filter>Заголовочные файлы\3D</Filter>
    </ClInclude>
    <ClInclude Include="3D\line3D.hpp">
      <Filter>Заголовочные файлы\3D</Filter>
    </ClInclude>
    <ClInclude Include="3D\plane.hpp">
      <Filter>Заголовочные файлы\3D</Filter>
    </ClInclude>
    <ClInclude Include="3D\point3D.hpp">
      <Filter>Заголовочные файлы\3D</Filter>
    </ClInclude>
    <ClInclude Include="3D\polyhedron.hpp">
      <Filter>Заголовочные файлы\3D</Filter>
    </ClInclude>
    <ClInclude Include="3D\ray3D.hpp">
      <Filter>Заголовочные файлы\3D</Filter>
    </ClInclude>
    <ClInclude Include="3D\segment3D.hpp">
      <Filter>Заголовочные файлы\3D</Filter>
    </ClInclude>
    <ClInclude Include="3D\shape3D.hpp">
      <Filter>Заголовочные файлы\3D</Filter>
    </ClInclude>
    <ClInclude Include="3D\sphere.hpp">
      <Filter>Заголовочные файлы\3D</Filter>
    </ClInclude>
    <ClInclude Include="3D\splash3D.hpp">
      <Filter>Заголовочные файлы\3D</Filter>
    </ClInclude>
    <ClInclude Include="3D\toroid.hpp">
      <Filter>Заголовочные файлы\3D</Filter>
    </ClInclude>
    <ClInclude Include="3D\vector3D.hpp">
      <Filter>Заголовочные файлы\3D</Filter>
    </ClInclude>
    <ClInclude Include="bigint.hpp">
      <Filter>Заголовочные файлы</Filter>
    </ClInclude>
    <ClInclude Include="bstree.hpp">
      <Filter>Заголовочные файлы</Filter>
    </ClInclude>
    <ClInclude Include="matrix.hpp">
      <Filter>Заголовочные файлы</Filter>
    </ClInclude>
    <ClInclude Include="splash.hpp">
      <Filter>Заголовочные файлы</Filter>
    </ClInclude>
    <ClInclude Include="splash_forward.hpp">
      <Filter>Заголовочные файлы</Filter>
    </ClInclude>
    <ClInclude Include="splash_utils.hpp">
      <Filter>Заголовочные файлы</Filter>
    </ClInclude>
  </ItemGroup>
  <ItemGroup>
    <ClCompile Include="2D\circle.cpp">
      <Filter>Файлы исходного кода\2D</Filter>
    </ClCompile>
    <ClCompile Include="2D\convex2D.cpp">
      <Filter>Файлы исходного кода\2D</Filter>
    </ClCompile>
    <ClCompile Include="2D\dcel.cpp">
      <Filter>Файлы исходного кода\2D</Filter>
    </ClCompile>
    <ClCompile Include="2D\ellipse.cpp">
      <Filter>Файлы исходного кода\2D</Filter>
    </ClCompile>
    <ClCompile Include="2D\event.cpp">
      <Filter>Файлы исходного кода\2D</Filter>
    </ClCompile>
    <ClCompile Include="2D\line2D.cpp">
      <Filter>Файлы исходного кода\2D</Filter>
    </ClCompile>
    <ClCompile Include="2D\point2D.cpp">
      <Filter>Файлы исходного кода\2D</Filter>
    </ClCompile>
    <ClCompile Include="2D\polygon.cpp">
      <Filter>Файлы исходного кода\2D</Filter>
    </ClCompile>
    <ClCompile Include="2D\ray2D.cpp">
      <Filter>Файлы исходного кода\2D</Filter>
    </ClCompile>
    <ClCompile Include="2D\rectangle.cpp">
      <Filter>Файлы исходного кода\2D</Filter>
    </ClCompile>
    <ClCompile Include="2D\segment2D.cpp">
      <Filter>Файлы исходного кода\2D</Filter>
    </ClCompile>
    <ClCompile Include="2D\shape2D.cpp">
      <Filter>Файлы исходного кода\2D</Filter>
    </ClCompile>
    <ClCompile Include="2D\square.cpp">
      <Filter>Файлы исходного кода\2D</Filter>
    </ClCompile>
    <ClCompile Include="2D\triangle.cpp">
      <Filter>Файлы исходного кода\2D</Filter>
    </ClCompile>
    <ClCompile Include="2D\vector2D.cpp">
      <Filter>Файлы исходного кода\2D</Filter>
    </ClCompile>
    <ClCompile Include="2D\voronoi2D.cpp">
      <Filter>Файлы исходного кода\2D</Filter>
    </ClCompile>
    <ClCompile Include="3D\cube.cpp">
      <Filter>Файлы исходного кода\3D</Filter>
    </ClCompile>
    <ClCompile Include="3D\cylinder.cpp">
      <Filter>Файлы исходного кода\3D</Filter>
    </ClCompile>
    <ClCompile Include="3D\ellipsoid.cpp">
      <Filter>Файлы исходного кода\3D</Filter>
    </ClCompile>
    <ClCompile Include="3D\line3D.cpp">
      <Filter>Файлы исходного кода\3D</Filter>
    </ClCompile>
    <ClCompile Include="3D\plane.cpp">
      <Filter>Файлы исходного кода\3D</Filter>
    </ClCompile>
    <ClCompile Include="3D\point3D.cpp">
      <Filter>Файлы исходного кода\3D</Filter>
    </ClCompile>
    <ClCompile Include="3D\polyhedron.cpp">
      <Filter>Файлы исходного кода\3D</Filter>
    </ClCompile>
    <ClCompile Include="3D\ray3D.cpp">
      <Filter>Файлы исходного кода\3D</Filter>
    </ClCompile>
    <ClCompile Include="3D\segment3D.cpp">
      <Filter>Файлы исходного кода\3D</Filter>
    </ClCompile>
    <ClCompile Include="3D\shape3D.cpp">
      <Filter>Файлы исходного кода\3D</Filter>
    </ClCompile>
    <ClCompile Include="3D\sphere.cpp">
      <Filter>Файлы исходного кода\3D</Filter>
    </ClCompile>
    <ClCompile Include="3D\toroid.cpp">
      <Filter>Файлы исходного кода\3D</Filter>
    </ClCompile>
    <ClCompile Include="3D\vector3D.cpp">
      <Filter>Файлы исходного кода\3D</Filter>
    </ClCompile>
    <ClCompile Include="bstree.cpp">
      <Filter>Файлы исходного кода</Filter>
    </ClCompile>
    <ClCompile Include="main.cpp">
      <Filter>Файлы исходного кода</Filter>
    </ClCompile>
    <ClCompile Include="splash_utils.cpp">
      <Filter>Файлы исходного кода</Filter>
    </ClCompile>
    <ClCompile Include="test_convex2D.cpp">
      <Filter>Файлы исходного кода</Filter>
    </ClCompile>
  </ItemGroup>
</Project>